
Microsoft Visual Studio Solution File, Format Version 12.00
# Visual Studio Version 17
VisualStudioVersion = 17.0.31423.177
MinimumVisualStudioVersion = 10.0.40219.1
Project("{FAE04EC0-301F-11D3-BF4B-00C04F79EFBC}") = "SuperCode", "SuperCode.csproj", "{93550AD3-ACCE-4F34-9271-829C4432BF2B}"
EndProject
Global
	GlobalSection(SolutionConfigurationPlatforms) = preSolution
		Debug|Any CPU = Debug|Any CPU
		Release|Any CPU = Release|Any CPU
	EndGlobalSection
	GlobalSection(ProjectConfigurationPlatforms) = postSolution
		{93550AD3-ACCE-4F34-9271-829C4432BF2B}.Debug|Any CPU.ActiveCfg = Debug|Any CPU
		{93550AD3-ACCE-4F34-9271-829C4432BF2B}.Debug|Any CPU.Build.0 = Debug|Any CPU
		{93550AD3-ACCE-4F34-9271-829C4432BF2B}.Release|Any CPU.ActiveCfg = Release|Any CPU
		{93550AD3-ACCE-4F34-9271-829C4432BF2B}.Release|Any CPU.Build.0 = Release|Any CPU
	EndGlobalSection
	GlobalSection(SolutionProperties) = preSolution
		HideSolutionNode = FALSE
	EndGlobalSection
	GlobalSection(ExtensibilityGlobals) = postSolution
		SolutionGuid = {F161B50B-73B3-418B-96F7-8BEC9F9BE033}
	EndGlobalSection
EndGlobal
