
Microsoft Visual Studio Solution File, Format Version 12.00
# Visual Studio Version 17
VisualStudioVersion = 17.0.31423.177
MinimumVisualStudioVersion = 10.0.40219.1
Project("{9A19103F-16F7-4668-BE54-9A1E7A4F7556}") = "SuperCode", "SuperCode.csproj", "{93550AD3-ACCE-4F34-9271-829C4432BF2B}"
EndProject
Global
	GlobalSection(SolutionConfigurationPlatforms) = preSolution
		Debug|Any CPU = Debug|Any CPU
		Debug|x64 = Debug|x64
		Release|Any CPU = Release|Any CPU
		Release|x64 = Release|x64
	EndGlobalSection
	GlobalSection(ProjectConfigurationPlatforms) = postSolution
		{93550AD3-ACCE-4F34-9271-829C4432BF2B}.Debug|Any CPU.ActiveCfg = Debug|Any CPU
		{93550AD3-ACCE-4F34-9271-829C4432BF2B}.Debug|Any CPU.Build.0 = Debug|Any CPU
		{93550AD3-ACCE-4F34-9271-829C4432BF2B}.Debug|x64.ActiveCfg = Debug|x64
		{93550AD3-ACCE-4F34-9271-829C4432BF2B}.Debug|x64.Build.0 = Debug|x64
		{93550AD3-ACCE-4F34-9271-829C4432BF2B}.Release|Any CPU.ActiveCfg = Release|Any CPU
		{93550AD3-ACCE-4F34-9271-829C4432BF2B}.Release|Any CPU.Build.0 = Release|Any CPU
		{93550AD3-ACCE-4F34-9271-829C4432BF2B}.Release|x64.ActiveCfg = Release|x64
		{93550AD3-ACCE-4F34-9271-829C4432BF2B}.Release|x64.Build.0 = Release|x64
	EndGlobalSection
	GlobalSection(SolutionProperties) = preSolution
		HideSolutionNode = FALSE
	EndGlobalSection
	GlobalSection(ExtensibilityGlobals) = postSolution
		SolutionGuid = {F161B50B-73B3-418B-96F7-8BEC9F9BE033}
	EndGlobalSection
EndGlobal
