<?xml version="1.0" encoding="utf-8"?>
<Project ToolsVersion="4.0" xmlns="http://schemas.microsoft.com/developer/msbuild/2003">
  <ItemGroup>
    <Filter Include="Common">
      <UniqueIdentifier>{8EEA3EAC-7A8C-6982-6347-7DD64F88F0D2}</UniqueIdentifier>
    </Filter>
    <Filter Include="Common\Node">
      <UniqueIdentifier>{03DEDC28-6F93-551E-F887-4FF5643C4C22}</UniqueIdentifier>
    </Filter>
    <Filter Include="Lexer">
      <UniqueIdentifier>{A5B4970D-11C9-BFBE-DA4A-631E461EBCEF}</UniqueIdentifier>
    </Filter>
    <Filter Include="Parser">
      <UniqueIdentifier>{D27997C9-BE1B-C29F-A7D6-D5F3931749F0}</UniqueIdentifier>
    </Filter>
  </ItemGroup>
  <ItemGroup>
    <ClInclude Include="src\SympleCode\Common\Node\Node.h">
      <Filter>Common\Node</Filter>
    </ClInclude>
    <ClInclude Include="src\SympleCode\Common\Token.h">
      <Filter>Common</Filter>
    </ClInclude>
    <ClInclude Include="src\SympleCode\Lexer\Lexer.h">
      <Filter>Lexer</Filter>
    </ClInclude>
    <ClInclude Include="src\SympleCode\Parser\Parser.h">
      <Filter>Parser</Filter>
    </ClInclude>
    <ClInclude Include="src\SympleCode\Common\Node\ExpressionNode.h" />
    <ClInclude Include="src\SympleCode\Common\Node\BinaryExpressionNode.h" />
    <ClInclude Include="src\SympleCode\Common\Node\LiteralExpressionNode.h" />
    <ClInclude Include="src\SympleCode\Common\Priority.h" />
    <ClInclude Include="src\SympleCode\Common\Node\CompilationUnitNode.h" />
    <ClInclude Include="src\SympleCode\Common\Node\StatementNode.h" />
    <ClInclude Include="src\SympleCode\Common\Node\BlockStatementNode.h" />
    <ClInclude Include="src\SympleCode\Common\Node\NumberLiteralExpressionNode.h" />
    <ClInclude Include="src\SympleCode\Common\Node\BooleanLiteralExpressionNode.h" />
  </ItemGroup>
  <ItemGroup>
    <ClCompile Include="src\SympleCode\Application.cpp" />
    <ClCompile Include="src\SympleCode\Common\Token.cpp">
      <Filter>Common</Filter>
    </ClCompile>
    <ClCompile Include="src\SympleCode\Lexer\Lexer.cpp">
      <Filter>Lexer</Filter>
    </ClCompile>
    <ClCompile Include="src\SympleCode\Parser\Parser.cpp" />
    <ClCompile Include="src\SympleCode\Common\Priority.cpp" />
  </ItemGroup>
  <ItemGroup>
    <None Include="sy\Sample.sy" />
  </ItemGroup>
</Project>