<?xml version="1.0" encoding="utf-8"?>
<Project ToolsVersion="4.0" xmlns="http://schemas.microsoft.com/developer/msbuild/2003">
  <ItemGroup>
    <Filter Include="Common">
      <UniqueIdentifier>{8EEA3EAC-7A8C-6982-6347-7DD64F88F0D2}</UniqueIdentifier>
    </Filter>
    <Filter Include="Common\Node">
      <UniqueIdentifier>{03DEDC28-6F93-551E-F887-4FF5643C4C22}</UniqueIdentifier>
    </Filter>
    <Filter Include="Emit">
      <UniqueIdentifier>{54C3847C-40FA-850D-E9E6-6B10D5FC010F}</UniqueIdentifier>
    </Filter>
    <Filter Include="Parser">
      <UniqueIdentifier>{D27997C9-BE1B-C29F-A7D6-D5F3931749F0}</UniqueIdentifier>
    </Filter>
  </ItemGroup>
  <ItemGroup>
    <ClInclude Include="src\SympleCode\Common\Node\BinaryExpressionNode.h">
      <Filter>Common\Node</Filter>
    </ClInclude>
    <ClInclude Include="src\SympleCode\Common\Node\BlockStatementNode.h">
      <Filter>Common\Node</Filter>
    </ClInclude>
    <ClInclude Include="src\SympleCode\Common\Node\BooleanLiteralExpressionNode.h">
      <Filter>Common\Node</Filter>
    </ClInclude>
    <ClInclude Include="src\SympleCode\Common\Node\CompilationUnitNode.h">
      <Filter>Common\Node</Filter>
    </ClInclude>
    <ClInclude Include="src\SympleCode\Common\Node\ExpressionNode.h">
      <Filter>Common\Node</Filter>
    </ClInclude>
    <ClInclude Include="src\SympleCode\Common\Node\LiteralExpressionNode.h">
      <Filter>Common\Node</Filter>
    </ClInclude>
    <ClInclude Include="src\SympleCode\Common\Node\Node.h">
      <Filter>Common\Node</Filter>
    </ClInclude>
    <ClInclude Include="src\SympleCode\Common\Node\NumberLiteralExpressionNode.h">
      <Filter>Common\Node</Filter>
    </ClInclude>
    <ClInclude Include="src\SympleCode\Common\Node\StatementNode.h">
      <Filter>Common\Node</Filter>
    </ClInclude>
    <ClInclude Include="src\SympleCode\Common\Priority.h">
      <Filter>Common</Filter>
    </ClInclude>
    <ClInclude Include="src\SympleCode\Common\Token.h">
      <Filter>Common</Filter>
    </ClInclude>
    <ClInclude Include="src\SympleCode\Emit\Emitter.h">
      <Filter>Emit</Filter>
    </ClInclude>
    <ClInclude Include="src\SympleCode\Parser\Lexer.h">
      <Filter>Parser</Filter>
    </ClInclude>
    <ClInclude Include="src\SympleCode\Parser\Parser.h">
      <Filter>Parser</Filter>
    </ClInclude>
    <ClInclude Include="src\SympleCode\Common\Node\MemberNode.h" />
    <ClInclude Include="src\SympleCode\Common\Node\GlobalStatementNode.h" />
    <ClInclude Include="src\SympleCode\Common\Node\ExpressionStatementNode.h" />
    <ClInclude Include="src\SympleCode\Common\Node\FunctionDeclarationNode.h" />
    <ClInclude Include="src\SympleCode\Common\Node\FunctionCallExpressionNode.h" />
    <ClInclude Include="src\SympleCode\Common\Node\FunctionCallArgumentsNode.h" />
    <ClInclude Include="src\SympleCode\Common\Analysis\Type.h" />
    <ClInclude Include="src\SympleCode\Common\Node\ReturnStatementNode.h" />
    <ClInclude Include="src\SympleCode\Common\Analysis\Diagnostics.h" />
    <ClInclude Include="src\SympleCode\Common\Node\VariableDeclarationNode.h" />
    <ClInclude Include="src\SympleCode\Common\Node\VariableExpressionNode.h" />
    <ClInclude Include="src\SympleCode\Common\Node\FunctionArgumentNode.h" />
    <ClInclude Include="src\SympleCode\Common\Node\FunctionArgumentsNode.h" />
    <ClInclude Include="src\SympleCode\Common\Node\ParenthesizedExpressionNode.h" />
    <ClInclude Include="src\SympleCode\Common\Node\FunctionHintNode.h" />
    <ClInclude Include="src\SympleCode\Common\Node\StringLiteralExpressionNode.h" />
    <ClInclude Include="src\SympleCode\Common\Node\ExternFunctionNode.h" />
    <ClInclude Include="src\SympleCode\Common\Node\WhileStatementNode.h" />
  </ItemGroup>
  <ItemGroup>
    <ClCompile Include="src\SympleCode\Application.cpp" />
    <ClCompile Include="src\SympleCode\Common\Priority.cpp">
      <Filter>Common</Filter>
    </ClCompile>
    <ClCompile Include="src\SympleCode\Common\Token.cpp">
      <Filter>Common</Filter>
    </ClCompile>
    <ClCompile Include="src\SympleCode\Emit\Emitter.cpp">
      <Filter>Emit</Filter>
    </ClCompile>
    <ClCompile Include="src\SympleCode\Parser\Lexer.cpp">
      <Filter>Parser</Filter>
    </ClCompile>
    <ClCompile Include="src\SympleCode\Parser\Parser.cpp">
      <Filter>Parser</Filter>
    </ClCompile>
    <ClCompile Include="src\SympleCode\Common\Analysis\Type.cpp" />
    <ClCompile Include="src\SympleCode\Common\Analysis\Diagnostics.cpp" />
  </ItemGroup>
</Project>